
Microsoft Visual Studio Solution File, Format Version 12.00
# Visual Studio Version 17
VisualStudioVersion = 17.6.33815.320
MinimumVisualStudioVersion = 10.0.40219.1
Project("{FAE04EC0-301F-11D3-BF4B-00C04F79EFBC}") = "Exercise_01", "Exercise_01\Exercise_01.csproj", "{D028AC16-D129-4BC0-9DCC-2E42F131E43C}"
EndProject
Project("{FAE04EC0-301F-11D3-BF4B-00C04F79EFBC}") = "Exercise_02", "Exercise_2\Exercise_02.csproj", "{F71B2354-852D-489B-AC13-EEC149D55CF2}"
EndProject
Global
	GlobalSection(SolutionConfigurationPlatforms) = preSolution
		Debug|Any CPU = Debug|Any CPU
		Release|Any CPU = Release|Any CPU
	EndGlobalSection
	GlobalSection(ProjectConfigurationPlatforms) = postSolution
		{D028AC16-D129-4BC0-9DCC-2E42F131E43C}.Debug|Any CPU.ActiveCfg = Debug|Any CPU
		{D028AC16-D129-4BC0-9DCC-2E42F131E43C}.Debug|Any CPU.Build.0 = Debug|Any CPU
		{D028AC16-D129-4BC0-9DCC-2E42F131E43C}.Release|Any CPU.ActiveCfg = Release|Any CPU
		{D028AC16-D129-4BC0-9DCC-2E42F131E43C}.Release|Any CPU.Build.0 = Release|Any CPU
		{F71B2354-852D-489B-AC13-EEC149D55CF2}.Debug|Any CPU.ActiveCfg = Debug|Any CPU
		{F71B2354-852D-489B-AC13-EEC149D55CF2}.Debug|Any CPU.Build.0 = Debug|Any CPU
		{F71B2354-852D-489B-AC13-EEC149D55CF2}.Release|Any CPU.ActiveCfg = Release|Any CPU
		{F71B2354-852D-489B-AC13-EEC149D55CF2}.Release|Any CPU.Build.0 = Release|Any CPU
	EndGlobalSection
	GlobalSection(SolutionProperties) = preSolution
		HideSolutionNode = FALSE
	EndGlobalSection
	GlobalSection(ExtensibilityGlobals) = postSolution
		SolutionGuid = {4DF3B072-6B53-4027-96D6-6E385F1FB396}
	EndGlobalSection
EndGlobal
